
Microsoft Visual Studio Solution File, Format Version 12.00
# Visual Studio Version 16
VisualStudioVersion = 16.0.30523.141
MinimumVisualStudioVersion = 10.0.40219.1
Project("{9A19103F-16F7-4668-BE54-9A1E7A4F7556}") = "AppDemo", "AppDemo.csproj", "{DB696424-893E-4E13-9081-0316319C89E3}"
EndProject
Global
	GlobalSection(SolutionConfigurationPlatforms) = preSolution
		Debug|Any CPU = Debug|Any CPU
		Release|Any CPU = Release|Any CPU
	EndGlobalSection
	GlobalSection(ProjectConfigurationPlatforms) = postSolution
		{DB696424-893E-4E13-9081-0316319C89E3}.Debug|Any CPU.ActiveCfg = Debug|Any CPU
		{DB696424-893E-4E13-9081-0316319C89E3}.Debug|Any CPU.Build.0 = Debug|Any CPU
		{DB696424-893E-4E13-9081-0316319C89E3}.Release|Any CPU.ActiveCfg = Release|Any CPU
		{DB696424-893E-4E13-9081-0316319C89E3}.Release|Any CPU.Build.0 = Release|Any CPU
	EndGlobalSection
	GlobalSection(SolutionProperties) = preSolution
		HideSolutionNode = FALSE
	EndGlobalSection
	GlobalSection(ExtensibilityGlobals) = postSolution
		SolutionGuid = {BAC26E08-04A8-494E-8012-FA0B02C7C06E}
	EndGlobalSection
EndGlobal
